// !$*UTF8*$!
{
	archiveVersion = 1;
	classes = {
	};
	objectVersion = 55;
	objects = {

/* Begin PBXBuildFile section */
		18F5B9EE2732FF9F0071BEBB /* AppDelegate.swift in Sources */ = {isa = PBXBuildFile; fileRef = 18F5B9ED2732FF9F0071BEBB /* AppDelegate.swift */; };
		18F5B9F02732FF9F0071BEBB /* SceneDelegate.swift in Sources */ = {isa = PBXBuildFile; fileRef = 18F5B9EF2732FF9F0071BEBB /* SceneDelegate.swift */; };
		18F5B9F72732FFA00071BEBB /* Assets.xcassets in Resources */ = {isa = PBXBuildFile; fileRef = 18F5B9F62732FFA00071BEBB /* Assets.xcassets */; };
		18F5B9FA2732FFA00071BEBB /* LaunchScreen.storyboard in Resources */ = {isa = PBXBuildFile; fileRef = 18F5B9F82732FFA00071BEBB /* LaunchScreen.storyboard */; };
		DF05B6E427CA02620018D184 /* NetworkManager.swift in Sources */ = {isa = PBXBuildFile; fileRef = DF05B6E327CA02620018D184 /* NetworkManager.swift */; };
		DF67046F27A836E800AA3F8F /* TabBarController.swift in Sources */ = {isa = PBXBuildFile; fileRef = DF67046E27A836E800AA3F8F /* TabBarController.swift */; };
		DF67047127A849FE00AA3F8F /* HomeCoordinator.swift in Sources */ = {isa = PBXBuildFile; fileRef = DF67047027A849FE00AA3F8F /* HomeCoordinator.swift */; };
		DF67047327A84B0C00AA3F8F /* SavedCoordinator.swift in Sources */ = {isa = PBXBuildFile; fileRef = DF67047227A84B0C00AA3F8F /* SavedCoordinator.swift */; };
		DF985F7727B337AC003FA460 /* Language.swift in Sources */ = {isa = PBXBuildFile; fileRef = DF985F7627B337AC003FA460 /* Language.swift */; };
		DF985F7927B339E9003FA460 /* StorageManager.swift in Sources */ = {isa = PBXBuildFile; fileRef = DF985F7827B339E9003FA460 /* StorageManager.swift */; };
		DF985F7B27B33B70003FA460 /* TranslateManagerError.swift in Sources */ = {isa = PBXBuildFile; fileRef = DF985F7A27B33B70003FA460 /* TranslateManagerError.swift */; };
		DFA7D05027E65C7F0021C1BE /* AuthorizedCoordinator.swift in Sources */ = {isa = PBXBuildFile; fileRef = DFA7D04F27E65C7F0021C1BE /* AuthorizedCoordinator.swift */; };
		DFA7D05327E6617D0021C1BE /* AppCoordinatable.swift in Sources */ = {isa = PBXBuildFile; fileRef = DFA7D05227E6617D0021C1BE /* AppCoordinatable.swift */; };
		DFA7D05927E678EC0021C1BE /* ChildCoordinatable.swift in Sources */ = {isa = PBXBuildFile; fileRef = DFA7D05827E678EC0021C1BE /* ChildCoordinatable.swift */; };
		DFC3432127B0F0AD00F1D160 /* LanguageSelectionViewController.swift in Sources */ = {isa = PBXBuildFile; fileRef = DFC3431F27B0F0AD00F1D160 /* LanguageSelectionViewController.swift */; };
		DFC3432227B0F0AD00F1D160 /* LanguageSelectionViewController.xib in Resources */ = {isa = PBXBuildFile; fileRef = DFC3432027B0F0AD00F1D160 /* LanguageSelectionViewController.xib */; };
		DFC3432427B0F15200F1D160 /* LanguageSelectionPresenter.swift in Sources */ = {isa = PBXBuildFile; fileRef = DFC3432327B0F15200F1D160 /* LanguageSelectionPresenter.swift */; };
		DFC3432927B0FEB300F1D160 /* SavedViewController.swift in Sources */ = {isa = PBXBuildFile; fileRef = DFC3432727B0FEB300F1D160 /* SavedViewController.swift */; };
		DFC3432A27B0FEB300F1D160 /* SavedViewController.xib in Resources */ = {isa = PBXBuildFile; fileRef = DFC3432827B0FEB300F1D160 /* SavedViewController.xib */; };
		DFC3432C27B0FEBF00F1D160 /* SavedPresenter.swift in Sources */ = {isa = PBXBuildFile; fileRef = DFC3432B27B0FEBF00F1D160 /* SavedPresenter.swift */; };
		DFC3432F27B1013300F1D160 /* SettingsViewController.swift in Sources */ = {isa = PBXBuildFile; fileRef = DFC3432D27B1013300F1D160 /* SettingsViewController.swift */; };
		DFC3433027B1013300F1D160 /* SettingsViewController.xib in Resources */ = {isa = PBXBuildFile; fileRef = DFC3432E27B1013300F1D160 /* SettingsViewController.xib */; };
		DFC3433227B1014600F1D160 /* SettingsPresenter.swift in Sources */ = {isa = PBXBuildFile; fileRef = DFC3433127B1014600F1D160 /* SettingsPresenter.swift */; };
		DFC54C0A27B2B18B007B0EAA /* APIDataModel.swift in Sources */ = {isa = PBXBuildFile; fileRef = DFC54C0927B2B18B007B0EAA /* APIDataModel.swift */; };
		DFC54C0C27B2C166007B0EAA /* HTTPMethod.swift in Sources */ = {isa = PBXBuildFile; fileRef = DFC54C0B27B2C166007B0EAA /* HTTPMethod.swift */; };
		DFC54C1527B2D6A8007B0EAA /* NetworkService.swift in Sources */ = {isa = PBXBuildFile; fileRef = DFC54C1427B2D6A8007B0EAA /* NetworkService.swift */; };
		DFC54C1727B31F3A007B0EAA /* Translation.swift in Sources */ = {isa = PBXBuildFile; fileRef = DFC54C1627B31F3A007B0EAA /* Translation.swift */; };
		DFC54C1927B31F9C007B0EAA /* History.swift in Sources */ = {isa = PBXBuildFile; fileRef = DFC54C1827B31F9C007B0EAA /* History.swift */; };
		DFC610E727E9BAFC00E4F753 /* StaticTableViewCell.swift in Sources */ = {isa = PBXBuildFile; fileRef = DFC610E627E9BAFC00E4F753 /* StaticTableViewCell.swift */; };
		DFC610E927E9BB7500E4F753 /* SwitchTableViewCell.swift in Sources */ = {isa = PBXBuildFile; fileRef = DFC610E827E9BB7500E4F753 /* SwitchTableViewCell.swift */; };
		DFC610EC27E9BC0C00E4F753 /* Section.swift in Sources */ = {isa = PBXBuildFile; fileRef = DFC610EB27E9BC0C00E4F753 /* Section.swift */; };
		DFC610EE27E9BC2D00E4F753 /* SettingsTableViewModel.swift in Sources */ = {isa = PBXBuildFile; fileRef = DFC610ED27E9BC2D00E4F753 /* SettingsTableViewModel.swift */; };
		DFC610F027E9CB4200E4F753 /* ProfileTableViewCell.swift in Sources */ = {isa = PBXBuildFile; fileRef = DFC610EF27E9CB4200E4F753 /* ProfileTableViewCell.swift */; };
		DFCE9A2D27E752E20014F323 /* UIColor + Ext.swift in Sources */ = {isa = PBXBuildFile; fileRef = DFCE9A2C27E752E20014F323 /* UIColor + Ext.swift */; };
		DFCE9A3027E756BA0014F323 /* SavedTableViewDelegate.swift in Sources */ = {isa = PBXBuildFile; fileRef = DFCE9A2F27E756BA0014F323 /* SavedTableViewDelegate.swift */; };
		DFCE9A3227E756CE0014F323 /* SavedTableViewDataSource.swift in Sources */ = {isa = PBXBuildFile; fileRef = DFCE9A3127E756CE0014F323 /* SavedTableViewDataSource.swift */; };
		DFCE9A3927E7609F0014F323 /* SavedTableViewCell.swift in Sources */ = {isa = PBXBuildFile; fileRef = DFCE9A3727E7609F0014F323 /* SavedTableViewCell.swift */; };
		DFCE9A3A27E7609F0014F323 /* SavedTableViewCell.xib in Resources */ = {isa = PBXBuildFile; fileRef = DFCE9A3827E7609F0014F323 /* SavedTableViewCell.xib */; };
		DFD51B5427E6362700EDB763 /* AppCoordinator.swift in Sources */ = {isa = PBXBuildFile; fileRef = DFD51B5327E6362700EDB763 /* AppCoordinator.swift */; };
		DFF496D927B0487D00EBF4C9 /* SettingsCoordinator.swift in Sources */ = {isa = PBXBuildFile; fileRef = DFF496D827B0487D00EBF4C9 /* SettingsCoordinator.swift */; };
		DFF496DB27B04C9500EBF4C9 /* ScreensFactory.swift in Sources */ = {isa = PBXBuildFile; fileRef = DFF496DA27B04C9500EBF4C9 /* ScreensFactory.swift */; };
		DFF496DF27B0643900EBF4C9 /* HomePresenter.swift in Sources */ = {isa = PBXBuildFile; fileRef = DFF496DE27B0643900EBF4C9 /* HomePresenter.swift */; };
		DFF496E227B06B2000EBF4C9 /* HomeViewController.swift in Sources */ = {isa = PBXBuildFile; fileRef = DFF496E027B06B2000EBF4C9 /* HomeViewController.swift */; };
		DFF496E327B06B2000EBF4C9 /* HomeViewController.xib in Resources */ = {isa = PBXBuildFile; fileRef = DFF496E127B06B2000EBF4C9 /* HomeViewController.xib */; };
		E91A8BB0273FEDE600CE7FBF /* TranslateManager.swift in Sources */ = {isa = PBXBuildFile; fileRef = E91A8BAF273FEDE600CE7FBF /* TranslateManager.swift */; };
/* End PBXBuildFile section */

/* Begin PBXFileReference section */
		18F5B9EA2732FF9F0071BEBB /* Ethnic.app */ = {isa = PBXFileReference; explicitFileType = wrapper.application; includeInIndex = 0; path = Ethnic.app; sourceTree = BUILT_PRODUCTS_DIR; };
		18F5B9ED2732FF9F0071BEBB /* AppDelegate.swift */ = {isa = PBXFileReference; lastKnownFileType = sourcecode.swift; path = AppDelegate.swift; sourceTree = "<group>"; };
		18F5B9EF2732FF9F0071BEBB /* SceneDelegate.swift */ = {isa = PBXFileReference; lastKnownFileType = sourcecode.swift; path = SceneDelegate.swift; sourceTree = "<group>"; };
		18F5B9F62732FFA00071BEBB /* Assets.xcassets */ = {isa = PBXFileReference; lastKnownFileType = folder.assetcatalog; path = Assets.xcassets; sourceTree = "<group>"; };
		18F5B9F92732FFA00071BEBB /* Base */ = {isa = PBXFileReference; lastKnownFileType = file.storyboard; name = Base; path = Base.lproj/LaunchScreen.storyboard; sourceTree = "<group>"; };
		18F5B9FB2732FFA00071BEBB /* Info.plist */ = {isa = PBXFileReference; lastKnownFileType = text.plist.xml; path = Info.plist; sourceTree = "<group>"; };
		DF05B6E327CA02620018D184 /* NetworkManager.swift */ = {isa = PBXFileReference; lastKnownFileType = sourcecode.swift; path = NetworkManager.swift; sourceTree = "<group>"; };
		DF67046E27A836E800AA3F8F /* TabBarController.swift */ = {isa = PBXFileReference; lastKnownFileType = sourcecode.swift; path = TabBarController.swift; sourceTree = "<group>"; };
		DF67047027A849FE00AA3F8F /* HomeCoordinator.swift */ = {isa = PBXFileReference; lastKnownFileType = sourcecode.swift; path = HomeCoordinator.swift; sourceTree = "<group>"; };
		DF67047227A84B0C00AA3F8F /* SavedCoordinator.swift */ = {isa = PBXFileReference; lastKnownFileType = sourcecode.swift; path = SavedCoordinator.swift; sourceTree = "<group>"; };
		DF985F7627B337AC003FA460 /* Language.swift */ = {isa = PBXFileReference; lastKnownFileType = sourcecode.swift; path = Language.swift; sourceTree = "<group>"; };
		DF985F7827B339E9003FA460 /* StorageManager.swift */ = {isa = PBXFileReference; lastKnownFileType = sourcecode.swift; path = StorageManager.swift; sourceTree = "<group>"; };
		DF985F7A27B33B70003FA460 /* TranslateManagerError.swift */ = {isa = PBXFileReference; lastKnownFileType = sourcecode.swift; path = TranslateManagerError.swift; sourceTree = "<group>"; };
		DFA7D04F27E65C7F0021C1BE /* AuthorizedCoordinator.swift */ = {isa = PBXFileReference; lastKnownFileType = sourcecode.swift; path = AuthorizedCoordinator.swift; sourceTree = "<group>"; };
		DFA7D05227E6617D0021C1BE /* AppCoordinatable.swift */ = {isa = PBXFileReference; lastKnownFileType = sourcecode.swift; path = AppCoordinatable.swift; sourceTree = "<group>"; };
		DFA7D05827E678EC0021C1BE /* ChildCoordinatable.swift */ = {isa = PBXFileReference; lastKnownFileType = sourcecode.swift; path = ChildCoordinatable.swift; sourceTree = "<group>"; };
		DFC3431F27B0F0AD00F1D160 /* LanguageSelectionViewController.swift */ = {isa = PBXFileReference; lastKnownFileType = sourcecode.swift; path = LanguageSelectionViewController.swift; sourceTree = "<group>"; };
		DFC3432027B0F0AD00F1D160 /* LanguageSelectionViewController.xib */ = {isa = PBXFileReference; lastKnownFileType = file.xib; path = LanguageSelectionViewController.xib; sourceTree = "<group>"; };
		DFC3432327B0F15200F1D160 /* LanguageSelectionPresenter.swift */ = {isa = PBXFileReference; lastKnownFileType = sourcecode.swift; path = LanguageSelectionPresenter.swift; sourceTree = "<group>"; };
		DFC3432727B0FEB300F1D160 /* SavedViewController.swift */ = {isa = PBXFileReference; lastKnownFileType = sourcecode.swift; path = SavedViewController.swift; sourceTree = "<group>"; };
		DFC3432827B0FEB300F1D160 /* SavedViewController.xib */ = {isa = PBXFileReference; lastKnownFileType = file.xib; path = SavedViewController.xib; sourceTree = "<group>"; };
		DFC3432B27B0FEBF00F1D160 /* SavedPresenter.swift */ = {isa = PBXFileReference; lastKnownFileType = sourcecode.swift; path = SavedPresenter.swift; sourceTree = "<group>"; };
		DFC3432D27B1013300F1D160 /* SettingsViewController.swift */ = {isa = PBXFileReference; lastKnownFileType = sourcecode.swift; path = SettingsViewController.swift; sourceTree = "<group>"; };
		DFC3432E27B1013300F1D160 /* SettingsViewController.xib */ = {isa = PBXFileReference; lastKnownFileType = file.xib; path = SettingsViewController.xib; sourceTree = "<group>"; };
		DFC3433127B1014600F1D160 /* SettingsPresenter.swift */ = {isa = PBXFileReference; lastKnownFileType = sourcecode.swift; path = SettingsPresenter.swift; sourceTree = "<group>"; };
		DFC54C0927B2B18B007B0EAA /* APIDataModel.swift */ = {isa = PBXFileReference; lastKnownFileType = sourcecode.swift; path = APIDataModel.swift; sourceTree = "<group>"; };
		DFC54C0B27B2C166007B0EAA /* HTTPMethod.swift */ = {isa = PBXFileReference; lastKnownFileType = sourcecode.swift; path = HTTPMethod.swift; sourceTree = "<group>"; };
		DFC54C1427B2D6A8007B0EAA /* NetworkService.swift */ = {isa = PBXFileReference; lastKnownFileType = sourcecode.swift; path = NetworkService.swift; sourceTree = "<group>"; };
		DFC54C1627B31F3A007B0EAA /* Translation.swift */ = {isa = PBXFileReference; lastKnownFileType = sourcecode.swift; path = Translation.swift; sourceTree = "<group>"; };
		DFC54C1827B31F9C007B0EAA /* History.swift */ = {isa = PBXFileReference; lastKnownFileType = sourcecode.swift; path = History.swift; sourceTree = "<group>"; };
		DFC610E627E9BAFC00E4F753 /* StaticTableViewCell.swift */ = {isa = PBXFileReference; lastKnownFileType = sourcecode.swift; path = StaticTableViewCell.swift; sourceTree = "<group>"; };
		DFC610E827E9BB7500E4F753 /* SwitchTableViewCell.swift */ = {isa = PBXFileReference; lastKnownFileType = sourcecode.swift; path = SwitchTableViewCell.swift; sourceTree = "<group>"; };
		DFC610EB27E9BC0C00E4F753 /* Section.swift */ = {isa = PBXFileReference; lastKnownFileType = sourcecode.swift; path = Section.swift; sourceTree = "<group>"; };
		DFC610ED27E9BC2D00E4F753 /* SettingsTableViewModel.swift */ = {isa = PBXFileReference; lastKnownFileType = sourcecode.swift; path = SettingsTableViewModel.swift; sourceTree = "<group>"; };
		DFC610EF27E9CB4200E4F753 /* ProfileTableViewCell.swift */ = {isa = PBXFileReference; lastKnownFileType = sourcecode.swift; path = ProfileTableViewCell.swift; sourceTree = "<group>"; };
		DFCE9A2C27E752E20014F323 /* UIColor + Ext.swift */ = {isa = PBXFileReference; lastKnownFileType = sourcecode.swift; path = "UIColor + Ext.swift"; sourceTree = "<group>"; };
		DFCE9A2F27E756BA0014F323 /* SavedTableViewDelegate.swift */ = {isa = PBXFileReference; lastKnownFileType = sourcecode.swift; path = SavedTableViewDelegate.swift; sourceTree = "<group>"; };
		DFCE9A3127E756CE0014F323 /* SavedTableViewDataSource.swift */ = {isa = PBXFileReference; lastKnownFileType = sourcecode.swift; path = SavedTableViewDataSource.swift; sourceTree = "<group>"; };
		DFCE9A3727E7609F0014F323 /* SavedTableViewCell.swift */ = {isa = PBXFileReference; lastKnownFileType = sourcecode.swift; path = SavedTableViewCell.swift; sourceTree = "<group>"; };
		DFCE9A3827E7609F0014F323 /* SavedTableViewCell.xib */ = {isa = PBXFileReference; lastKnownFileType = file.xib; path = SavedTableViewCell.xib; sourceTree = "<group>"; };
		DFD51B5327E6362700EDB763 /* AppCoordinator.swift */ = {isa = PBXFileReference; lastKnownFileType = sourcecode.swift; path = AppCoordinator.swift; sourceTree = "<group>"; };
		DFF496D827B0487D00EBF4C9 /* SettingsCoordinator.swift */ = {isa = PBXFileReference; lastKnownFileType = sourcecode.swift; path = SettingsCoordinator.swift; sourceTree = "<group>"; };
		DFF496DA27B04C9500EBF4C9 /* ScreensFactory.swift */ = {isa = PBXFileReference; lastKnownFileType = sourcecode.swift; path = ScreensFactory.swift; sourceTree = "<group>"; };
		DFF496DE27B0643900EBF4C9 /* HomePresenter.swift */ = {isa = PBXFileReference; lastKnownFileType = sourcecode.swift; path = HomePresenter.swift; sourceTree = "<group>"; };
		DFF496E027B06B2000EBF4C9 /* HomeViewController.swift */ = {isa = PBXFileReference; lastKnownFileType = sourcecode.swift; path = HomeViewController.swift; sourceTree = "<group>"; };
		DFF496E127B06B2000EBF4C9 /* HomeViewController.xib */ = {isa = PBXFileReference; lastKnownFileType = file.xib; path = HomeViewController.xib; sourceTree = "<group>"; };
		E91A8BAF273FEDE600CE7FBF /* TranslateManager.swift */ = {isa = PBXFileReference; lastKnownFileType = sourcecode.swift; path = TranslateManager.swift; sourceTree = "<group>"; };
/* End PBXFileReference section */

/* Begin PBXFrameworksBuildPhase section */
		18F5B9E72732FF9F0071BEBB /* Frameworks */ = {
			isa = PBXFrameworksBuildPhase;
			buildActionMask = 2147483647;
			files = (
			);
			runOnlyForDeploymentPostprocessing = 0;
		};
/* End PBXFrameworksBuildPhase section */

/* Begin PBXGroup section */
		18F5B9E12732FF9F0071BEBB = {
			isa = PBXGroup;
			children = (
				18F5B9EC2732FF9F0071BEBB /* Ethnic */,
				18F5B9EB2732FF9F0071BEBB /* Products */,
			);
			sourceTree = "<group>";
		};
		18F5B9EB2732FF9F0071BEBB /* Products */ = {
			isa = PBXGroup;
			children = (
				18F5B9EA2732FF9F0071BEBB /* Ethnic.app */,
			);
			name = Products;
			sourceTree = "<group>";
		};
		18F5B9EC2732FF9F0071BEBB /* Ethnic */ = {
			isa = PBXGroup;
			children = (
				18F5BA05273306B80071BEBB /* Application */,
				DF67046D27A832DD00AA3F8F /* Managers */,
				18F5BA07273306D80071BEBB /* Core */,
				18F5BA06273306C60071BEBB /* Library */,
				18F5BA042733069F0071BEBB /* Resources */,
			);
			path = Ethnic;
			sourceTree = "<group>";
		};
		18F5BA042733069F0071BEBB /* Resources */ = {
			isa = PBXGroup;
			children = (
				18F5B9F62732FFA00071BEBB /* Assets.xcassets */,
			);
			path = Resources;
			sourceTree = "<group>";
		};
		18F5BA05273306B80071BEBB /* Application */ = {
			isa = PBXGroup;
			children = (
				18F5B9ED2732FF9F0071BEBB /* AppDelegate.swift */,
				18F5B9EF2732FF9F0071BEBB /* SceneDelegate.swift */,
				18F5B9F82732FFA00071BEBB /* LaunchScreen.storyboard */,
				18F5B9FB2732FFA00071BEBB /* Info.plist */,
			);
			path = Application;
			sourceTree = "<group>";
		};
		18F5BA06273306C60071BEBB /* Library */ = {
			isa = PBXGroup;
			children = (
				DFCE9A3B27E784580014F323 /* Custom elements */,
				DFCE9A2B27E752C30014F323 /* Extensions */,
				DFC54C1327B2D2ED007B0EAA /* Network */,
				DFC54C1027B2C749007B0EAA /* Models */,
				DFF496D727B045A500EBF4C9 /* Protocols */,
			);
			path = Library;
			sourceTree = "<group>";
		};
		18F5BA07273306D80071BEBB /* Core */ = {
			isa = PBXGroup;
			children = (
				DFA7D05127E65C8C0021C1BE /* AppFlow */,
				DFA7D05627E672180021C1BE /* TabBars */,
				DFA7D05727E672440021C1BE /* Factories */,
				DFC54C0627B25F25007B0EAA /* Models */,
				DFF496D627B0455000EBF4C9 /* LanguageSelectionModule */,
				18F5BA2C273316340071BEBB /* HomeModule */,
				18F5BA2D2733163D0071BEBB /* SavedModule */,
				18F5BA2E273316440071BEBB /* SettingsModule */,
			);
			path = Core;
			sourceTree = "<group>";
		};
		18F5BA2C273316340071BEBB /* HomeModule */ = {
			isa = PBXGroup;
			children = (
				DFF496DE27B0643900EBF4C9 /* HomePresenter.swift */,
				DFF496E027B06B2000EBF4C9 /* HomeViewController.swift */,
				DFF496E127B06B2000EBF4C9 /* HomeViewController.xib */,
			);
			path = HomeModule;
			sourceTree = "<group>";
		};
		18F5BA2D2733163D0071BEBB /* SavedModule */ = {
			isa = PBXGroup;
			children = (
				DFCE9A2E27E756960014F323 /* SavedTableView */,
				DFC3432B27B0FEBF00F1D160 /* SavedPresenter.swift */,
				DFC3432727B0FEB300F1D160 /* SavedViewController.swift */,
				DFC3432827B0FEB300F1D160 /* SavedViewController.xib */,
			);
			path = SavedModule;
			sourceTree = "<group>";
		};
		18F5BA2E273316440071BEBB /* SettingsModule */ = {
			isa = PBXGroup;
			children = (
				DFC610E527E9B9EF00E4F753 /* SettingsTable */,
				DFC3433127B1014600F1D160 /* SettingsPresenter.swift */,
				DFC3432D27B1013300F1D160 /* SettingsViewController.swift */,
				DFC3432E27B1013300F1D160 /* SettingsViewController.xib */,
			);
			path = SettingsModule;
			sourceTree = "<group>";
		};
		DF67046D27A832DD00AA3F8F /* Managers */ = {
			isa = PBXGroup;
			children = (
				DF05B6E327CA02620018D184 /* NetworkManager.swift */,
				E91A8BAF273FEDE600CE7FBF /* TranslateManager.swift */,
				DF985F7827B339E9003FA460 /* StorageManager.swift */,
			);
			path = Managers;
			sourceTree = "<group>";
		};
		DFA7D05127E65C8C0021C1BE /* AppFlow */ = {
			isa = PBXGroup;
			children = (
				DFD51B5327E6362700EDB763 /* AppCoordinator.swift */,
				DFA7D04F27E65C7F0021C1BE /* AuthorizedCoordinator.swift */,
			);
			path = AppFlow;
			sourceTree = "<group>";
		};
		DFA7D05627E672180021C1BE /* TabBars */ = {
			isa = PBXGroup;
			children = (
				DF67046E27A836E800AA3F8F /* TabBarController.swift */,
				DF67047027A849FE00AA3F8F /* HomeCoordinator.swift */,
				DF67047227A84B0C00AA3F8F /* SavedCoordinator.swift */,
				DFF496D827B0487D00EBF4C9 /* SettingsCoordinator.swift */,
			);
			path = TabBars;
			sourceTree = "<group>";
		};
		DFA7D05727E672440021C1BE /* Factories */ = {
			isa = PBXGroup;
			children = (
				DFF496DA27B04C9500EBF4C9 /* ScreensFactory.swift */,
			);
			path = Factories;
			sourceTree = "<group>";
		};
		DFC54C0627B25F25007B0EAA /* Models */ = {
			isa = PBXGroup;
			children = (
				DFE5895427B3B0B7002C71F8 /* Errors */,
				DF985F7627B337AC003FA460 /* Language.swift */,
				DFC54C1627B31F3A007B0EAA /* Translation.swift */,
				DFC54C1827B31F9C007B0EAA /* History.swift */,
				DFC54C0927B2B18B007B0EAA /* APIDataModel.swift */,
			);
			path = Models;
			sourceTree = "<group>";
		};
		DFC54C1027B2C749007B0EAA /* Models */ = {
			isa = PBXGroup;
			children = (
				DFC54C0B27B2C166007B0EAA /* HTTPMethod.swift */,
			);
			path = Models;
			sourceTree = "<group>";
		};
		DFC54C1327B2D2ED007B0EAA /* Network */ = {
			isa = PBXGroup;
			children = (
				DFC54C1427B2D6A8007B0EAA /* NetworkService.swift */,
			);
			path = Network;
			sourceTree = "<group>";
		};
		DFC610E527E9B9EF00E4F753 /* SettingsTable */ = {
			isa = PBXGroup;
			children = (
				DFC610EA27E9BBF500E4F753 /* Local models */,
				DFDB80DA27CE4FA300357B9F /* Cell */,
			);
			path = SettingsTable;
			sourceTree = "<group>";
		};
		DFC610EA27E9BBF500E4F753 /* Local models */ = {
			isa = PBXGroup;
			children = (
				DFC610EB27E9BC0C00E4F753 /* Section.swift */,
				DFC610ED27E9BC2D00E4F753 /* SettingsTableViewModel.swift */,
			);
			path = "Local models";
			sourceTree = "<group>";
		};
		DFCD47E927E87244004603F4 /* UIImage */ = {
			isa = PBXGroup;
			children = (
			);
			path = UIImage;
			sourceTree = "<group>";
		};
		DFCE9A2B27E752C30014F323 /* Extensions */ = {
			isa = PBXGroup;
			children = (
				DFCE9A2C27E752E20014F323 /* UIColor + Ext.swift */,
			);
			path = Extensions;
			sourceTree = "<group>";
		};
		DFCE9A2E27E756960014F323 /* SavedTableView */ = {
			isa = PBXGroup;
			children = (
				DFCE9A3327E7581A0014F323 /* SavedCell */,
				DFCE9A2F27E756BA0014F323 /* SavedTableViewDelegate.swift */,
				DFCE9A3127E756CE0014F323 /* SavedTableViewDataSource.swift */,
			);
			path = SavedTableView;
			sourceTree = "<group>";
		};
		DFCE9A3327E7581A0014F323 /* SavedCell */ = {
			isa = PBXGroup;
			children = (
				DFCE9A3727E7609F0014F323 /* SavedTableViewCell.swift */,
				DFCE9A3827E7609F0014F323 /* SavedTableViewCell.xib */,
			);
			path = SavedCell;
			sourceTree = "<group>";
		};
		DFCE9A3B27E784580014F323 /* Custom elements */ = {
			isa = PBXGroup;
			children = (
				DFCD47E927E87244004603F4 /* UIImage */,
				DFCE9A3C27E7845F0014F323 /* UIButton */,
			);
			path = "Custom elements";
			sourceTree = "<group>";
		};
		DFCE9A3C27E7845F0014F323 /* UIButton */ = {
			isa = PBXGroup;
			children = (
			);
			path = UIButton;
			sourceTree = "<group>";
		};
		DFDB80DA27CE4FA300357B9F /* Cell */ = {
			isa = PBXGroup;
			children = (
				DFC610E627E9BAFC00E4F753 /* StaticTableViewCell.swift */,
				DFC610E827E9BB7500E4F753 /* SwitchTableViewCell.swift */,
				DFC610EF27E9CB4200E4F753 /* ProfileTableViewCell.swift */,
			);
			path = Cell;
			sourceTree = "<group>";
		};
		DFE5895427B3B0B7002C71F8 /* Errors */ = {
			isa = PBXGroup;
			children = (
				DF985F7A27B33B70003FA460 /* TranslateManagerError.swift */,
			);
			path = Errors;
			sourceTree = "<group>";
		};
		DFF496D627B0455000EBF4C9 /* LanguageSelectionModule */ = {
			isa = PBXGroup;
			children = (
				DFC3432327B0F15200F1D160 /* LanguageSelectionPresenter.swift */,
				DFC3431F27B0F0AD00F1D160 /* LanguageSelectionViewController.swift */,
				DFC3432027B0F0AD00F1D160 /* LanguageSelectionViewController.xib */,
			);
			path = LanguageSelectionModule;
			sourceTree = "<group>";
		};
		DFF496D727B045A500EBF4C9 /* Protocols */ = {
			isa = PBXGroup;
			children = (
				DFA7D05227E6617D0021C1BE /* AppCoordinatable.swift */,
				DFA7D05827E678EC0021C1BE /* ChildCoordinatable.swift */,
			);
			path = Protocols;
			sourceTree = "<group>";
		};
/* End PBXGroup section */

/* Begin PBXNativeTarget section */
		18F5B9E92732FF9F0071BEBB /* Ethnic */ = {
			isa = PBXNativeTarget;
			buildConfigurationList = 18F5B9FE2732FFA00071BEBB /* Build configuration list for PBXNativeTarget "Ethnic" */;
			buildPhases = (
				DF0666BF27CD0B1E00A8B7C4 /* ShellScript */,
				18F5B9E62732FF9F0071BEBB /* Sources */,
				18F5B9E72732FF9F0071BEBB /* Frameworks */,
				18F5B9E82732FF9F0071BEBB /* Resources */,
			);
			buildRules = (
			);
			dependencies = (
			);
			name = Ethnic;
			productName = Ethnic;
			productReference = 18F5B9EA2732FF9F0071BEBB /* Ethnic.app */;
			productType = "com.apple.product-type.application";
		};
/* End PBXNativeTarget section */

/* Begin PBXProject section */
		18F5B9E22732FF9F0071BEBB /* Project object */ = {
			isa = PBXProject;
			attributes = {
				BuildIndependentTargetsInParallel = 1;
				LastSwiftUpdateCheck = 1310;
				LastUpgradeCheck = 1310;
				TargetAttributes = {
					18F5B9E92732FF9F0071BEBB = {
						CreatedOnToolsVersion = 13.1;
					};
				};
			};
			buildConfigurationList = 18F5B9E52732FF9F0071BEBB /* Build configuration list for PBXProject "Ethnic" */;
			compatibilityVersion = "Xcode 13.0";
			developmentRegion = en;
			hasScannedForEncodings = 0;
			knownRegions = (
				en,
				Base,
			);
			mainGroup = 18F5B9E12732FF9F0071BEBB;
			productRefGroup = 18F5B9EB2732FF9F0071BEBB /* Products */;
			projectDirPath = "";
			projectRoot = "";
			targets = (
				18F5B9E92732FF9F0071BEBB /* Ethnic */,
			);
		};
/* End PBXProject section */

/* Begin PBXResourcesBuildPhase section */
		18F5B9E82732FF9F0071BEBB /* Resources */ = {
			isa = PBXResourcesBuildPhase;
			buildActionMask = 2147483647;
			files = (
				18F5B9FA2732FFA00071BEBB /* LaunchScreen.storyboard in Resources */,
				DFC3433027B1013300F1D160 /* SettingsViewController.xib in Resources */,
				DFC3432A27B0FEB300F1D160 /* SavedViewController.xib in Resources */,
				DFC3432227B0F0AD00F1D160 /* LanguageSelectionViewController.xib in Resources */,
				18F5B9F72732FFA00071BEBB /* Assets.xcassets in Resources */,
				DFF496E327B06B2000EBF4C9 /* HomeViewController.xib in Resources */,
				DFCE9A3A27E7609F0014F323 /* SavedTableViewCell.xib in Resources */,
			);
			runOnlyForDeploymentPostprocessing = 0;
		};
/* End PBXResourcesBuildPhase section */

/* Begin PBXShellScriptBuildPhase section */
		DF0666BF27CD0B1E00A8B7C4 /* ShellScript */ = {
			isa = PBXShellScriptBuildPhase;
			buildActionMask = 2147483647;
			files = (
			);
			inputFileListPaths = (
			);
			inputPaths = (
			);
			outputFileListPaths = (
			);
			outputPaths = (
			);
			runOnlyForDeploymentPostprocessing = 0;
			shellPath = /bin/sh;
			shellScript = "# Type a script or drag a script file from your workspace to insert its path.\nexport PATH=\"$PATH:/opt/homebrew/bin\"\n\nif which swiftlint >/dev/null; then\n  swiftlint\nelse\n  echo \"warning: SwiftLint not installed, download from https://github.com/realm/SwiftLint\"\nfi\n";
		};
/* End PBXShellScriptBuildPhase section */

/* Begin PBXSourcesBuildPhase section */
		18F5B9E62732FF9F0071BEBB /* Sources */ = {
			isa = PBXSourcesBuildPhase;
			buildActionMask = 2147483647;
			files = (
				DFC3432F27B1013300F1D160 /* SettingsViewController.swift in Sources */,
				DFA7D05027E65C7F0021C1BE /* AuthorizedCoordinator.swift in Sources */,
				DFC610E927E9BB7500E4F753 /* SwitchTableViewCell.swift in Sources */,
				DFC3432C27B0FEBF00F1D160 /* SavedPresenter.swift in Sources */,
				DFC54C0A27B2B18B007B0EAA /* APIDataModel.swift in Sources */,
				DFF496D927B0487D00EBF4C9 /* SettingsCoordinator.swift in Sources */,
				DFF496E227B06B2000EBF4C9 /* HomeViewController.swift in Sources */,
				DFC610F027E9CB4200E4F753 /* ProfileTableViewCell.swift in Sources */,
				DFC3433227B1014600F1D160 /* SettingsPresenter.swift in Sources */,
				DFCE9A2D27E752E20014F323 /* UIColor + Ext.swift in Sources */,
				DFC610EC27E9BC0C00E4F753 /* Section.swift in Sources */,
				DFCE9A3227E756CE0014F323 /* SavedTableViewDataSource.swift in Sources */,
				DFC3432427B0F15200F1D160 /* LanguageSelectionPresenter.swift in Sources */,
				18F5B9EE2732FF9F0071BEBB /* AppDelegate.swift in Sources */,
				DFC610EE27E9BC2D00E4F753 /* SettingsTableViewModel.swift in Sources */,
				DF67047127A849FE00AA3F8F /* HomeCoordinator.swift in Sources */,
				DFA7D05927E678EC0021C1BE /* ChildCoordinatable.swift in Sources */,
				DF985F7B27B33B70003FA460 /* TranslateManagerError.swift in Sources */,
				DFC3432127B0F0AD00F1D160 /* LanguageSelectionViewController.swift in Sources */,
				18F5B9F02732FF9F0071BEBB /* SceneDelegate.swift in Sources */,
				DFC54C1727B31F3A007B0EAA /* Translation.swift in Sources */,
				DFF496DB27B04C9500EBF4C9 /* ScreensFactory.swift in Sources */,
				DFC54C1527B2D6A8007B0EAA /* NetworkService.swift in Sources */,
				DFC54C1927B31F9C007B0EAA /* History.swift in Sources */,
				DFA7D05327E6617D0021C1BE /* AppCoordinatable.swift in Sources */,
				DF67047327A84B0C00AA3F8F /* SavedCoordinator.swift in Sources */,
				E91A8BB0273FEDE600CE7FBF /* TranslateManager.swift in Sources */,
				DFC54C0C27B2C166007B0EAA /* HTTPMethod.swift in Sources */,
				DFD51B5427E6362700EDB763 /* AppCoordinator.swift in Sources */,
				DF67046F27A836E800AA3F8F /* TabBarController.swift in Sources */,
				DFCE9A3927E7609F0014F323 /* SavedTableViewCell.swift in Sources */,
				DFC610E727E9BAFC00E4F753 /* StaticTableViewCell.swift in Sources */,
				DFCE9A3027E756BA0014F323 /* SavedTableViewDelegate.swift in Sources */,
				DFC3432927B0FEB300F1D160 /* SavedViewController.swift in Sources */,
				DFF496DF27B0643900EBF4C9 /* HomePresenter.swift in Sources */,
				DF05B6E427CA02620018D184 /* NetworkManager.swift in Sources */,
				DF985F7727B337AC003FA460 /* Language.swift in Sources */,
				DF985F7927B339E9003FA460 /* StorageManager.swift in Sources */,
			);
			runOnlyForDeploymentPostprocessing = 0;
		};
/* End PBXSourcesBuildPhase section */

/* Begin PBXVariantGroup section */
		18F5B9F82732FFA00071BEBB /* LaunchScreen.storyboard */ = {
			isa = PBXVariantGroup;
			children = (
				18F5B9F92732FFA00071BEBB /* Base */,
			);
			name = LaunchScreen.storyboard;
			sourceTree = "<group>";
		};
/* End PBXVariantGroup section */

/* Begin XCBuildConfiguration section */
		18F5B9FC2732FFA00071BEBB /* Debug */ = {
			isa = XCBuildConfiguration;
			buildSettings = {
				ALWAYS_SEARCH_USER_PATHS = NO;
				CLANG_ANALYZER_NONNULL = YES;
				CLANG_ANALYZER_NUMBER_OBJECT_CONVERSION = YES_AGGRESSIVE;
				CLANG_CXX_LANGUAGE_STANDARD = "gnu++17";
				CLANG_CXX_LIBRARY = "libc++";
				CLANG_ENABLE_MODULES = YES;
				CLANG_ENABLE_OBJC_ARC = YES;
				CLANG_ENABLE_OBJC_WEAK = YES;
				CLANG_WARN_BLOCK_CAPTURE_AUTORELEASING = YES;
				CLANG_WARN_BOOL_CONVERSION = YES;
				CLANG_WARN_COMMA = YES;
				CLANG_WARN_CONSTANT_CONVERSION = YES;
				CLANG_WARN_DEPRECATED_OBJC_IMPLEMENTATIONS = YES;
				CLANG_WARN_DIRECT_OBJC_ISA_USAGE = YES_ERROR;
				CLANG_WARN_DOCUMENTATION_COMMENTS = YES;
				CLANG_WARN_EMPTY_BODY = YES;
				CLANG_WARN_ENUM_CONVERSION = YES;
				CLANG_WARN_INFINITE_RECURSION = YES;
				CLANG_WARN_INT_CONVERSION = YES;
				CLANG_WARN_NON_LITERAL_NULL_CONVERSION = YES;
				CLANG_WARN_OBJC_IMPLICIT_RETAIN_SELF = YES;
				CLANG_WARN_OBJC_LITERAL_CONVERSION = YES;
				CLANG_WARN_OBJC_ROOT_CLASS = YES_ERROR;
				CLANG_WARN_QUOTED_INCLUDE_IN_FRAMEWORK_HEADER = YES;
				CLANG_WARN_RANGE_LOOP_ANALYSIS = YES;
				CLANG_WARN_STRICT_PROTOTYPES = YES;
				CLANG_WARN_SUSPICIOUS_MOVE = YES;
				CLANG_WARN_UNGUARDED_AVAILABILITY = YES_AGGRESSIVE;
				CLANG_WARN_UNREACHABLE_CODE = YES;
				CLANG_WARN__DUPLICATE_METHOD_MATCH = YES;
				COPY_PHASE_STRIP = NO;
				DEBUG_INFORMATION_FORMAT = dwarf;
				ENABLE_STRICT_OBJC_MSGSEND = YES;
				ENABLE_TESTABILITY = YES;
				GCC_C_LANGUAGE_STANDARD = gnu11;
				GCC_DYNAMIC_NO_PIC = NO;
				GCC_NO_COMMON_BLOCKS = YES;
				GCC_OPTIMIZATION_LEVEL = 0;
				GCC_PREPROCESSOR_DEFINITIONS = (
					"DEBUG=1",
					"$(inherited)",
				);
				GCC_WARN_64_TO_32_BIT_CONVERSION = YES;
				GCC_WARN_ABOUT_RETURN_TYPE = YES_ERROR;
				GCC_WARN_UNDECLARED_SELECTOR = YES;
				GCC_WARN_UNINITIALIZED_AUTOS = YES_AGGRESSIVE;
				GCC_WARN_UNUSED_FUNCTION = YES;
				GCC_WARN_UNUSED_VARIABLE = YES;
				IPHONEOS_DEPLOYMENT_TARGET = 15.0;
				MTL_ENABLE_DEBUG_INFO = INCLUDE_SOURCE;
				MTL_FAST_MATH = YES;
				ONLY_ACTIVE_ARCH = YES;
				SDKROOT = iphoneos;
				SWIFT_ACTIVE_COMPILATION_CONDITIONS = DEBUG;
				SWIFT_OPTIMIZATION_LEVEL = "-Onone";
			};
			name = Debug;
		};
		18F5B9FD2732FFA00071BEBB /* Release */ = {
			isa = XCBuildConfiguration;
			buildSettings = {
				ALWAYS_SEARCH_USER_PATHS = NO;
				CLANG_ANALYZER_NONNULL = YES;
				CLANG_ANALYZER_NUMBER_OBJECT_CONVERSION = YES_AGGRESSIVE;
				CLANG_CXX_LANGUAGE_STANDARD = "gnu++17";
				CLANG_CXX_LIBRARY = "libc++";
				CLANG_ENABLE_MODULES = YES;
				CLANG_ENABLE_OBJC_ARC = YES;
				CLANG_ENABLE_OBJC_WEAK = YES;
				CLANG_WARN_BLOCK_CAPTURE_AUTORELEASING = YES;
				CLANG_WARN_BOOL_CONVERSION = YES;
				CLANG_WARN_COMMA = YES;
				CLANG_WARN_CONSTANT_CONVERSION = YES;
				CLANG_WARN_DEPRECATED_OBJC_IMPLEMENTATIONS = YES;
				CLANG_WARN_DIRECT_OBJC_ISA_USAGE = YES_ERROR;
				CLANG_WARN_DOCUMENTATION_COMMENTS = YES;
				CLANG_WARN_EMPTY_BODY = YES;
				CLANG_WARN_ENUM_CONVERSION = YES;
				CLANG_WARN_INFINITE_RECURSION = YES;
				CLANG_WARN_INT_CONVERSION = YES;
				CLANG_WARN_NON_LITERAL_NULL_CONVERSION = YES;
				CLANG_WARN_OBJC_IMPLICIT_RETAIN_SELF = YES;
				CLANG_WARN_OBJC_LITERAL_CONVERSION = YES;
				CLANG_WARN_OBJC_ROOT_CLASS = YES_ERROR;
				CLANG_WARN_QUOTED_INCLUDE_IN_FRAMEWORK_HEADER = YES;
				CLANG_WARN_RANGE_LOOP_ANALYSIS = YES;
				CLANG_WARN_STRICT_PROTOTYPES = YES;
				CLANG_WARN_SUSPICIOUS_MOVE = YES;
				CLANG_WARN_UNGUARDED_AVAILABILITY = YES_AGGRESSIVE;
				CLANG_WARN_UNREACHABLE_CODE = YES;
				CLANG_WARN__DUPLICATE_METHOD_MATCH = YES;
				COPY_PHASE_STRIP = NO;
				DEBUG_INFORMATION_FORMAT = "dwarf-with-dsym";
				ENABLE_NS_ASSERTIONS = NO;
				ENABLE_STRICT_OBJC_MSGSEND = YES;
				GCC_C_LANGUAGE_STANDARD = gnu11;
				GCC_NO_COMMON_BLOCKS = YES;
				GCC_WARN_64_TO_32_BIT_CONVERSION = YES;
				GCC_WARN_ABOUT_RETURN_TYPE = YES_ERROR;
				GCC_WARN_UNDECLARED_SELECTOR = YES;
				GCC_WARN_UNINITIALIZED_AUTOS = YES_AGGRESSIVE;
				GCC_WARN_UNUSED_FUNCTION = YES;
				GCC_WARN_UNUSED_VARIABLE = YES;
				IPHONEOS_DEPLOYMENT_TARGET = 15.0;
				MTL_ENABLE_DEBUG_INFO = NO;
				MTL_FAST_MATH = YES;
				SDKROOT = iphoneos;
				SWIFT_COMPILATION_MODE = wholemodule;
				SWIFT_OPTIMIZATION_LEVEL = "-O";
				VALIDATE_PRODUCT = YES;
			};
			name = Release;
		};
		18F5B9FF2732FFA00071BEBB /* Debug */ = {
			isa = XCBuildConfiguration;
			buildSettings = {
				ASSETCATALOG_COMPILER_APPICON_NAME = AppIcon;
				ASSETCATALOG_COMPILER_GLOBAL_ACCENT_COLOR_NAME = AccentColor;
				CODE_SIGN_STYLE = Automatic;
				CURRENT_PROJECT_VERSION = 1;
				GENERATE_INFOPLIST_FILE = YES;
				INFOPLIST_FILE = Ethnic/Application/Info.plist;
				INFOPLIST_KEY_CFBundleDisplayName = "Этник";
				INFOPLIST_KEY_UIApplicationSupportsIndirectInputEvents = YES;
				INFOPLIST_KEY_UILaunchStoryboardName = LaunchScreen;
				INFOPLIST_KEY_UIStatusBarHidden = NO;
				INFOPLIST_KEY_UISupportedInterfaceOrientations = UIInterfaceOrientationPortrait;
				INFOPLIST_KEY_UISupportedInterfaceOrientations_iPad = "UIInterfaceOrientationPortrait UIInterfaceOrientationPortraitUpsideDown UIInterfaceOrientationLandscapeLeft UIInterfaceOrientationLandscapeRight";
				INFOPLIST_KEY_UISupportedInterfaceOrientations_iPhone = "UIInterfaceOrientationPortrait UIInterfaceOrientationLandscapeLeft UIInterfaceOrientationLandscapeRight";
				IPHONEOS_DEPLOYMENT_TARGET = 14.4;
				LD_RUNPATH_SEARCH_PATHS = (
					"$(inherited)",
					"@executable_path/Frameworks",
				);
				MARKETING_VERSION = 1.0;
				PRODUCT_BUNDLE_IDENTIFIER = com.EugeneDudkin.Ethnic;
				PRODUCT_NAME = "$(TARGET_NAME)";
				SWIFT_EMIT_LOC_STRINGS = YES;
				SWIFT_VERSION = 5.0;
				TARGETED_DEVICE_FAMILY = 1;
			};
			name = Debug;
		};
		18F5BA002732FFA00071BEBB /* Release */ = {
			isa = XCBuildConfiguration;
			buildSettings = {
				ASSETCATALOG_COMPILER_APPICON_NAME = AppIcon;
				ASSETCATALOG_COMPILER_GLOBAL_ACCENT_COLOR_NAME = AccentColor;
				CODE_SIGN_STYLE = Automatic;
				CURRENT_PROJECT_VERSION = 1;
				GENERATE_INFOPLIST_FILE = YES;
				INFOPLIST_FILE = Ethnic/Application/Info.plist;
				INFOPLIST_KEY_CFBundleDisplayName = "Этник";
				INFOPLIST_KEY_UIApplicationSupportsIndirectInputEvents = YES;
				INFOPLIST_KEY_UILaunchStoryboardName = LaunchScreen;
				INFOPLIST_KEY_UIStatusBarHidden = NO;
				INFOPLIST_KEY_UISupportedInterfaceOrientations = UIInterfaceOrientationPortrait;
				INFOPLIST_KEY_UISupportedInterfaceOrientations_iPad = "UIInterfaceOrientationPortrait UIInterfaceOrientationPortraitUpsideDown UIInterfaceOrientationLandscapeLeft UIInterfaceOrientationLandscapeRight";
				INFOPLIST_KEY_UISupportedInterfaceOrientations_iPhone = "UIInterfaceOrientationPortrait UIInterfaceOrientationLandscapeLeft UIInterfaceOrientationLandscapeRight";
				IPHONEOS_DEPLOYMENT_TARGET = 14.4;
				LD_RUNPATH_SEARCH_PATHS = (
					"$(inherited)",
					"@executable_path/Frameworks",
				);
				MARKETING_VERSION = 1.0;
				PRODUCT_BUNDLE_IDENTIFIER = com.EugeneDudkin.Ethnic;
				PRODUCT_NAME = "$(TARGET_NAME)";
				SWIFT_EMIT_LOC_STRINGS = YES;
				SWIFT_VERSION = 5.0;
				TARGETED_DEVICE_FAMILY = 1;
			};
			name = Release;
		};
/* End XCBuildConfiguration section */

/* Begin XCConfigurationList section */
		18F5B9E52732FF9F0071BEBB /* Build configuration list for PBXProject "Ethnic" */ = {
			isa = XCConfigurationList;
			buildConfigurations = (
				18F5B9FC2732FFA00071BEBB /* Debug */,
				18F5B9FD2732FFA00071BEBB /* Release */,
			);
			defaultConfigurationIsVisible = 0;
			defaultConfigurationName = Release;
		};
		18F5B9FE2732FFA00071BEBB /* Build configuration list for PBXNativeTarget "Ethnic" */ = {
			isa = XCConfigurationList;
			buildConfigurations = (
				18F5B9FF2732FFA00071BEBB /* Debug */,
				18F5BA002732FFA00071BEBB /* Release */,
			);
			defaultConfigurationIsVisible = 0;
			defaultConfigurationName = Release;
		};
/* End XCConfigurationList section */
	};
	rootObject = 18F5B9E22732FF9F0071BEBB /* Project object */;
}
